
Microsoft Visual Studio Solution File, Format Version 12.00
# Visual Studio Version 16
VisualStudioVersion = 16.0.31729.503
MinimumVisualStudioVersion = 10.0.40219.1
Project("{9A19103F-16F7-4668-BE54-9A1E7A4F7556}") = "Assignment.Services.BookStore.API", "Assignment.Services.BookStore.API\Assignment.Services.BookStore.API.csproj", "{D1657E15-DC37-4BE2-9307-A2ADB973721A}"
EndProject
Project("{9A19103F-16F7-4668-BE54-9A1E7A4F7556}") = "Assignment.Services.BookStore.Infrastructure", "Assignment.Services.BookStore.Infrastructure\Assignment.Services.BookStore.Infrastructure.csproj", "{2B95E2F3-F1C4-43D8-B963-4F0C5919B187}"
EndProject
Project("{9A19103F-16F7-4668-BE54-9A1E7A4F7556}") = "Assignment.Services.BookStore.API.IntegrationTests", "Assignment.Services.BookStore.API.IntegrationTests\Assignment.Services.BookStore.API.IntegrationTests.csproj", "{06ABD223-6F55-4F66-BC31-7843E6321636}"
EndProject
Global
	GlobalSection(SolutionConfigurationPlatforms) = preSolution
		Debug|Any CPU = Debug|Any CPU
		Release|Any CPU = Release|Any CPU
	EndGlobalSection
	GlobalSection(ProjectConfigurationPlatforms) = postSolution
		{D1657E15-DC37-4BE2-9307-A2ADB973721A}.Debug|Any CPU.ActiveCfg = Debug|Any CPU
		{D1657E15-DC37-4BE2-9307-A2ADB973721A}.Debug|Any CPU.Build.0 = Debug|Any CPU
		{D1657E15-DC37-4BE2-9307-A2ADB973721A}.Release|Any CPU.ActiveCfg = Release|Any CPU
		{D1657E15-DC37-4BE2-9307-A2ADB973721A}.Release|Any CPU.Build.0 = Release|Any CPU
		{2B95E2F3-F1C4-43D8-B963-4F0C5919B187}.Debug|Any CPU.ActiveCfg = Debug|Any CPU
		{2B95E2F3-F1C4-43D8-B963-4F0C5919B187}.Debug|Any CPU.Build.0 = Debug|Any CPU
		{2B95E2F3-F1C4-43D8-B963-4F0C5919B187}.Release|Any CPU.ActiveCfg = Release|Any CPU
		{2B95E2F3-F1C4-43D8-B963-4F0C5919B187}.Release|Any CPU.Build.0 = Release|Any CPU
		{06ABD223-6F55-4F66-BC31-7843E6321636}.Debug|Any CPU.ActiveCfg = Debug|Any CPU
		{06ABD223-6F55-4F66-BC31-7843E6321636}.Debug|Any CPU.Build.0 = Debug|Any CPU
		{06ABD223-6F55-4F66-BC31-7843E6321636}.Release|Any CPU.ActiveCfg = Release|Any CPU
		{06ABD223-6F55-4F66-BC31-7843E6321636}.Release|Any CPU.Build.0 = Release|Any CPU
	EndGlobalSection
	GlobalSection(SolutionProperties) = preSolution
		HideSolutionNode = FALSE
	EndGlobalSection
	GlobalSection(ExtensibilityGlobals) = postSolution
		SolutionGuid = {90C50EAF-DE67-4834-94BD-E65F062148CB}
	EndGlobalSection
EndGlobal
